<?xml version="1.0" encoding="UTF-8"?>
<!DOCTYPE plist PUBLIC "-//Apple//DTD PLIST 1.0//EN" "http://www.apple.com/DTDs/PropertyList-1.0.dtd">
<plist version="1.0">
<dict>
	<key>archiveVersion</key>
	<string>1</string>
	<key>classes</key>
	<dict/>
	<key>objectVersion</key>
	<string>46</string>
	<key>objects</key>
	<dict>
		<key>3E89C4317D7640DA95DBB06E</key>
		<dict>
			<key>fileRef</key>
			<string>853F6D5D55BE49AA94D97D29</string>
			<key>isa</key>
			<string>PBXBuildFile</string>
		</dict>
		<key>6B1E9DDEBB3D4F1DABBAEC04</key>
		<dict>
			<key>buildActionMask</key>
			<string>2147483647</string>
			<key>files</key>
			<array/>
			<key>inputPaths</key>
			<array/>
			<key>isa</key>
			<string>PBXShellScriptBuildPhase</string>
			<key>name</key>
			<string>Copy Pods Resources</string>
			<key>outputPaths</key>
			<array/>
			<key>runOnlyForDeploymentPostprocessing</key>
			<string>0</string>
			<key>shellPath</key>
			<string>/bin/sh</string>
			<key>shellScript</key>
			<string>"${SRCROOT}/Pods/Pods-resources.sh"
</string>
			<key>showEnvVarsInLog</key>
			<string>0</string>
		</dict>
		<key>7738BE36D40843E6881AEF62</key>
		<dict>
			<key>includeInIndex</key>
			<string>1</string>
			<key>isa</key>
			<string>PBXFileReference</string>
			<key>lastKnownFileType</key>
			<string>text.xcconfig</string>
			<key>name</key>
			<string>Pods.xcconfig</string>
			<key>path</key>
			<string>Pods/Pods.xcconfig</string>
			<key>sourceTree</key>
			<string>&lt;group&gt;</string>
		</dict>
		<key>853F6D5D55BE49AA94D97D29</key>
		<dict>
			<key>explicitFileType</key>
			<string>archive.ar</string>
			<key>includeInIndex</key>
			<string>0</string>
			<key>isa</key>
			<string>PBXFileReference</string>
			<key>path</key>
			<string>libPods.a</string>
			<key>sourceTree</key>
			<string>BUILT_PRODUCTS_DIR</string>
		</dict>
		<key>9D9C1704183582FF00B2E14E</key>
		<dict>
			<key>children</key>
			<array>
				<string>9D9C174B1835856100B2E14E</string>
				<string>9D9C174C1835856100B2E14E</string>
				<string>9D9C174D1835856100B2E14E</string>
				<string>9D9C1716183582FF00B2E14E</string>
				<string>9D9C1738183582FF00B2E14E</string>
				<string>9D9C170F183582FF00B2E14E</string>
				<string>9D9C170E183582FF00B2E14E</string>
				<string>7738BE36D40843E6881AEF62</string>
			</array>
			<key>isa</key>
			<string>PBXGroup</string>
			<key>sourceTree</key>
			<string>&lt;group&gt;</string>
		</dict>
		<key>9D9C1705183582FF00B2E14E</key>
		<dict>
			<key>attributes</key>
			<dict>
				<key>CLASSPREFIX</key>
				<string>CW</string>
				<key>LastUpgradeCheck</key>
				<string>0500</string>
				<key>ORGANIZATIONNAME</key>
				<string>shirl.com</string>
				<key>TargetAttributes</key>
				<dict>
					<key>9D9C1730183582FF00B2E14E</key>
					<dict>
						<key>TestTargetID</key>
						<string>9D9C170C183582FF00B2E14E</string>
					</dict>
				</dict>
			</dict>
			<key>buildConfigurationList</key>
			<string>9D9C1708183582FF00B2E14E</string>
			<key>compatibilityVersion</key>
			<string>Xcode 3.2</string>
			<key>developmentRegion</key>
			<string>English</string>
			<key>hasScannedForEncodings</key>
			<string>0</string>
			<key>isa</key>
			<string>PBXProject</string>
			<key>knownRegions</key>
			<array>
				<string>en</string>
				<string>Base</string>
			</array>
			<key>mainGroup</key>
			<string>9D9C1704183582FF00B2E14E</string>
			<key>productRefGroup</key>
			<string>9D9C170E183582FF00B2E14E</string>
			<key>projectDirPath</key>
			<string></string>
			<key>projectReferences</key>
			<array/>
			<key>projectRoot</key>
			<string></string>
			<key>targets</key>
			<array>
				<string>9D9C170C183582FF00B2E14E</string>
				<string>9D9C1730183582FF00B2E14E</string>
			</array>
		</dict>
		<key>9D9C1708183582FF00B2E14E</key>
		<dict>
			<key>buildConfigurations</key>
			<array>
				<string>9D9C1740183582FF00B2E14E</string>
				<string>9D9C1741183582FF00B2E14E</string>
			</array>
			<key>defaultConfigurationIsVisible</key>
			<string>0</string>
			<key>defaultConfigurationName</key>
			<string>Release</string>
			<key>isa</key>
			<string>XCConfigurationList</string>
		</dict>
		<key>9D9C1709183582FF00B2E14E</key>
		<dict>
			<key>buildActionMask</key>
			<string>2147483647</string>
			<key>files</key>
			<array>
				<string>9D9C175A183585CE00B2E14E</string>
				<string>9D9C175C183585CE00B2E14E</string>
				<string>9D9C172A183582FF00B2E14E</string>
				<string>9D9C175F183585CE00B2E14E</string>
				<string>9D9C1727183582FF00B2E14E</string>
				<string>9D9C175E183585CE00B2E14E</string>
				<string>9D9C175D183585CE00B2E14E</string>
				<string>9D9C175B183585CE00B2E14E</string>
				<string>9D9C1721183582FF00B2E14E</string>
				<string>9D9C171D183582FF00B2E14E</string>
			</array>
			<key>isa</key>
			<string>PBXSourcesBuildPhase</string>
			<key>runOnlyForDeploymentPostprocessing</key>
			<string>0</string>
		</dict>
		<key>9D9C170A183582FF00B2E14E</key>
		<dict>
			<key>buildActionMask</key>
			<string>2147483647</string>
			<key>files</key>
			<array>
				<string>9D9C1713183582FF00B2E14E</string>
				<string>9D9C1715183582FF00B2E14E</string>
				<string>9D9C1711183582FF00B2E14E</string>
				<string>3E89C4317D7640DA95DBB06E</string>
			</array>
			<key>isa</key>
			<string>PBXFrameworksBuildPhase</string>
			<key>runOnlyForDeploymentPostprocessing</key>
			<string>0</string>
		</dict>
		<key>9D9C170B183582FF00B2E14E</key>
		<dict>
			<key>buildActionMask</key>
			<string>2147483647</string>
			<key>files</key>
			<array>
				<string>9D9C172C183582FF00B2E14E</string>
				<string>9D9C171B183582FF00B2E14E</string>
				<string>9D9C1724183582FF00B2E14E</string>
			</array>
			<key>isa</key>
			<string>PBXResourcesBuildPhase</string>
			<key>runOnlyForDeploymentPostprocessing</key>
			<string>0</string>
		</dict>
		<key>9D9C170C183582FF00B2E14E</key>
		<dict>
			<key>buildConfigurationList</key>
			<string>9D9C1742183582FF00B2E14E</string>
			<key>buildPhases</key>
			<array>
				<string>CB9CCFD01A78424C881BD974</string>
				<string>9D9C1709183582FF00B2E14E</string>
				<string>9D9C170A183582FF00B2E14E</string>
				<string>9D9C170B183582FF00B2E14E</string>
				<string>6B1E9DDEBB3D4F1DABBAEC04</string>
			</array>
			<key>buildRules</key>
			<array/>
			<key>dependencies</key>
			<array/>
			<key>isa</key>
			<string>PBXNativeTarget</string>
			<key>name</key>
			<string>CWLibrary</string>
			<key>productName</key>
			<string>CWLibrary</string>
			<key>productReference</key>
			<string>9D9C170D183582FF00B2E14E</string>
			<key>productType</key>
			<string>com.apple.product-type.application</string>
		</dict>
		<key>9D9C170D183582FF00B2E14E</key>
		<dict>
			<key>explicitFileType</key>
			<string>wrapper.application</string>
			<key>includeInIndex</key>
			<string>0</string>
			<key>isa</key>
			<string>PBXFileReference</string>
			<key>path</key>
			<string>CWLibrary.app</string>
			<key>sourceTree</key>
			<string>BUILT_PRODUCTS_DIR</string>
		</dict>
		<key>9D9C170E183582FF00B2E14E</key>
		<dict>
			<key>children</key>
			<array>
				<string>9D9C170D183582FF00B2E14E</string>
				<string>9D9C1731183582FF00B2E14E</string>
			</array>
			<key>isa</key>
			<string>PBXGroup</string>
			<key>name</key>
			<string>Products</string>
			<key>sourceTree</key>
			<string>&lt;group&gt;</string>
		</dict>
		<key>9D9C170F183582FF00B2E14E</key>
		<dict>
			<key>children</key>
			<array>
				<string>9D9C1710183582FF00B2E14E</string>
				<string>9D9C1712183582FF00B2E14E</string>
				<string>9D9C1714183582FF00B2E14E</string>
				<string>9D9C1732183582FF00B2E14E</string>
				<string>853F6D5D55BE49AA94D97D29</string>
			</array>
			<key>isa</key>
			<string>PBXGroup</string>
			<key>name</key>
			<string>Frameworks</string>
			<key>sourceTree</key>
			<string>&lt;group&gt;</string>
		</dict>
		<key>9D9C1710183582FF00B2E14E</key>
		<dict>
			<key>isa</key>
			<string>PBXFileReference</string>
			<key>lastKnownFileType</key>
			<string>wrapper.framework</string>
			<key>name</key>
			<string>Foundation.framework</string>
			<key>path</key>
			<string>System/Library/Frameworks/Foundation.framework</string>
			<key>sourceTree</key>
			<string>SDKROOT</string>
		</dict>
		<key>9D9C1711183582FF00B2E14E</key>
		<dict>
			<key>fileRef</key>
			<string>9D9C1710183582FF00B2E14E</string>
			<key>isa</key>
			<string>PBXBuildFile</string>
		</dict>
		<key>9D9C1712183582FF00B2E14E</key>
		<dict>
			<key>isa</key>
			<string>PBXFileReference</string>
			<key>lastKnownFileType</key>
			<string>wrapper.framework</string>
			<key>name</key>
			<string>CoreGraphics.framework</string>
			<key>path</key>
			<string>System/Library/Frameworks/CoreGraphics.framework</string>
			<key>sourceTree</key>
			<string>SDKROOT</string>
		</dict>
		<key>9D9C1713183582FF00B2E14E</key>
		<dict>
			<key>fileRef</key>
			<string>9D9C1712183582FF00B2E14E</string>
			<key>isa</key>
			<string>PBXBuildFile</string>
		</dict>
		<key>9D9C1714183582FF00B2E14E</key>
		<dict>
			<key>isa</key>
			<string>PBXFileReference</string>
			<key>lastKnownFileType</key>
			<string>wrapper.framework</string>
			<key>name</key>
			<string>UIKit.framework</string>
			<key>path</key>
			<string>System/Library/Frameworks/UIKit.framework</string>
			<key>sourceTree</key>
			<string>SDKROOT</string>
		</dict>
		<key>9D9C1715183582FF00B2E14E</key>
		<dict>
			<key>fileRef</key>
			<string>9D9C1714183582FF00B2E14E</string>
			<key>isa</key>
			<string>PBXBuildFile</string>
		</dict>
		<key>9D9C1716183582FF00B2E14E</key>
		<dict>
			<key>children</key>
			<array>
				<string>9D9C174A183584D700B2E14E</string>
				<string>9D9C171F183582FF00B2E14E</string>
				<string>9D9C1720183582FF00B2E14E</string>
				<string>9D9C1722183582FF00B2E14E</string>
				<string>9D9C1725183582FF00B2E14E</string>
				<string>9D9C1726183582FF00B2E14E</string>
				<string>9D9C1728183582FF00B2E14E</string>
				<string>9D9C1729183582FF00B2E14E</string>
				<string>9D9C172B183582FF00B2E14E</string>
				<string>9D9C1717183582FF00B2E14E</string>
			</array>
			<key>isa</key>
			<string>PBXGroup</string>
			<key>path</key>
			<string>CWLibrary</string>
			<key>sourceTree</key>
			<string>&lt;group&gt;</string>
		</dict>
		<key>9D9C1717183582FF00B2E14E</key>
		<dict>
			<key>children</key>
			<array>
				<string>9D9C1718183582FF00B2E14E</string>
				<string>9D9C1719183582FF00B2E14E</string>
				<string>9D9C171C183582FF00B2E14E</string>
				<string>9D9C171E183582FF00B2E14E</string>
			</array>
			<key>isa</key>
			<string>PBXGroup</string>
			<key>name</key>
			<string>Supporting Files</string>
			<key>sourceTree</key>
			<string>&lt;group&gt;</string>
		</dict>
		<key>9D9C1718183582FF00B2E14E</key>
		<dict>
			<key>isa</key>
			<string>PBXFileReference</string>
			<key>lastKnownFileType</key>
			<string>text.plist.xml</string>
			<key>path</key>
			<string>CWLibrary-Info.plist</string>
			<key>sourceTree</key>
			<string>&lt;group&gt;</string>
		</dict>
		<key>9D9C1719183582FF00B2E14E</key>
		<dict>
			<key>children</key>
			<array>
				<string>9D9C171A183582FF00B2E14E</string>
			</array>
			<key>isa</key>
			<string>PBXVariantGroup</string>
			<key>name</key>
			<string>InfoPlist.strings</string>
			<key>sourceTree</key>
			<string>&lt;group&gt;</string>
		</dict>
		<key>9D9C171A183582FF00B2E14E</key>
		<dict>
			<key>isa</key>
			<string>PBXFileReference</string>
			<key>lastKnownFileType</key>
			<string>text.plist.strings</string>
			<key>name</key>
			<string>en</string>
			<key>path</key>
			<string>en.lproj/InfoPlist.strings</string>
			<key>sourceTree</key>
			<string>&lt;group&gt;</string>
		</dict>
		<key>9D9C171B183582FF00B2E14E</key>
		<dict>
			<key>fileRef</key>
			<string>9D9C1719183582FF00B2E14E</string>
			<key>isa</key>
			<string>PBXBuildFile</string>
		</dict>
		<key>9D9C171C183582FF00B2E14E</key>
		<dict>
			<key>isa</key>
			<string>PBXFileReference</string>
			<key>lastKnownFileType</key>
			<string>sourcecode.c.objc</string>
			<key>path</key>
			<string>main.m</string>
			<key>sourceTree</key>
			<string>&lt;group&gt;</string>
		</dict>
		<key>9D9C171D183582FF00B2E14E</key>
		<dict>
			<key>fileRef</key>
			<string>9D9C171C183582FF00B2E14E</string>
			<key>isa</key>
			<string>PBXBuildFile</string>
		</dict>
		<key>9D9C171E183582FF00B2E14E</key>
		<dict>
			<key>isa</key>
			<string>PBXFileReference</string>
			<key>lastKnownFileType</key>
			<string>sourcecode.c.h</string>
			<key>path</key>
			<string>CWLibrary-Prefix.pch</string>
			<key>sourceTree</key>
			<string>&lt;group&gt;</string>
		</dict>
		<key>9D9C171F183582FF00B2E14E</key>
		<dict>
			<key>isa</key>
			<string>PBXFileReference</string>
			<key>lastKnownFileType</key>
			<string>sourcecode.c.h</string>
			<key>path</key>
			<string>CWAppDelegate.h</string>
			<key>sourceTree</key>
			<string>&lt;group&gt;</string>
		</dict>
		<key>9D9C1720183582FF00B2E14E</key>
		<dict>
			<key>isa</key>
			<string>PBXFileReference</string>
			<key>lastKnownFileType</key>
			<string>sourcecode.c.objc</string>
			<key>path</key>
			<string>CWAppDelegate.m</string>
			<key>sourceTree</key>
			<string>&lt;group&gt;</string>
		</dict>
		<key>9D9C1721183582FF00B2E14E</key>
		<dict>
			<key>fileRef</key>
			<string>9D9C1720183582FF00B2E14E</string>
			<key>isa</key>
			<string>PBXBuildFile</string>
		</dict>
		<key>9D9C1722183582FF00B2E14E</key>
		<dict>
			<key>children</key>
			<array>
				<string>9D9C1723183582FF00B2E14E</string>
			</array>
			<key>isa</key>
			<string>PBXVariantGroup</string>
			<key>name</key>
			<string>Main.storyboard</string>
			<key>sourceTree</key>
			<string>&lt;group&gt;</string>
		</dict>
		<key>9D9C1723183582FF00B2E14E</key>
		<dict>
			<key>isa</key>
			<string>PBXFileReference</string>
			<key>lastKnownFileType</key>
			<string>file.storyboard</string>
			<key>name</key>
			<string>Base</string>
			<key>path</key>
			<string>Base.lproj/Main.storyboard</string>
			<key>sourceTree</key>
			<string>&lt;group&gt;</string>
		</dict>
		<key>9D9C1724183582FF00B2E14E</key>
		<dict>
			<key>fileRef</key>
			<string>9D9C1722183582FF00B2E14E</string>
			<key>isa</key>
			<string>PBXBuildFile</string>
		</dict>
		<key>9D9C1725183582FF00B2E14E</key>
		<dict>
			<key>isa</key>
			<string>PBXFileReference</string>
			<key>lastKnownFileType</key>
			<string>sourcecode.c.h</string>
			<key>path</key>
			<string>CWFirstViewController.h</string>
			<key>sourceTree</key>
			<string>&lt;group&gt;</string>
		</dict>
		<key>9D9C1726183582FF00B2E14E</key>
		<dict>
			<key>isa</key>
			<string>PBXFileReference</string>
			<key>lastKnownFileType</key>
			<string>sourcecode.c.objc</string>
			<key>path</key>
			<string>CWFirstViewController.m</string>
			<key>sourceTree</key>
			<string>&lt;group&gt;</string>
		</dict>
		<key>9D9C1727183582FF00B2E14E</key>
		<dict>
			<key>fileRef</key>
			<string>9D9C1726183582FF00B2E14E</string>
			<key>isa</key>
			<string>PBXBuildFile</string>
		</dict>
		<key>9D9C1728183582FF00B2E14E</key>
		<dict>
			<key>isa</key>
			<string>PBXFileReference</string>
			<key>lastKnownFileType</key>
			<string>sourcecode.c.h</string>
			<key>path</key>
			<string>CWSecondViewController.h</string>
			<key>sourceTree</key>
			<string>&lt;group&gt;</string>
		</dict>
		<key>9D9C1729183582FF00B2E14E</key>
		<dict>
			<key>isa</key>
			<string>PBXFileReference</string>
			<key>lastKnownFileType</key>
			<string>sourcecode.c.objc</string>
			<key>path</key>
			<string>CWSecondViewController.m</string>
			<key>sourceTree</key>
			<string>&lt;group&gt;</string>
		</dict>
		<key>9D9C172A183582FF00B2E14E</key>
		<dict>
			<key>fileRef</key>
			<string>9D9C1729183582FF00B2E14E</string>
			<key>isa</key>
			<string>PBXBuildFile</string>
		</dict>
		<key>9D9C172B183582FF00B2E14E</key>
		<dict>
			<key>isa</key>
			<string>PBXFileReference</string>
			<key>lastKnownFileType</key>
			<string>folder.assetcatalog</string>
			<key>path</key>
			<string>Images.xcassets</string>
			<key>sourceTree</key>
			<string>&lt;group&gt;</string>
		</dict>
		<key>9D9C172C183582FF00B2E14E</key>
		<dict>
			<key>fileRef</key>
			<string>9D9C172B183582FF00B2E14E</string>
			<key>isa</key>
			<string>PBXBuildFile</string>
		</dict>
		<key>9D9C172D183582FF00B2E14E</key>
		<dict>
			<key>buildActionMask</key>
			<string>2147483647</string>
			<key>files</key>
			<array>
				<string>9D9C173F183582FF00B2E14E</string>
			</array>
			<key>isa</key>
			<string>PBXSourcesBuildPhase</string>
			<key>runOnlyForDeploymentPostprocessing</key>
			<string>0</string>
		</dict>
		<key>9D9C172E183582FF00B2E14E</key>
		<dict>
			<key>buildActionMask</key>
			<string>2147483647</string>
			<key>files</key>
			<array>
				<string>9D9C1733183582FF00B2E14E</string>
				<string>9D9C1735183582FF00B2E14E</string>
				<string>9D9C1734183582FF00B2E14E</string>
			</array>
			<key>isa</key>
			<string>PBXFrameworksBuildPhase</string>
			<key>runOnlyForDeploymentPostprocessing</key>
			<string>0</string>
		</dict>
		<key>9D9C172F183582FF00B2E14E</key>
		<dict>
			<key>buildActionMask</key>
			<string>2147483647</string>
			<key>files</key>
			<array>
				<string>9D9C173D183582FF00B2E14E</string>
			</array>
			<key>isa</key>
			<string>PBXResourcesBuildPhase</string>
			<key>runOnlyForDeploymentPostprocessing</key>
			<string>0</string>
		</dict>
		<key>9D9C1730183582FF00B2E14E</key>
		<dict>
			<key>buildConfigurationList</key>
			<string>9D9C1745183582FF00B2E14E</string>
			<key>buildPhases</key>
			<array>
				<string>9D9C172D183582FF00B2E14E</string>
				<string>9D9C172E183582FF00B2E14E</string>
				<string>9D9C172F183582FF00B2E14E</string>
			</array>
			<key>buildRules</key>
			<array/>
			<key>dependencies</key>
			<array>
				<string>9D9C1737183582FF00B2E14E</string>
			</array>
			<key>isa</key>
			<string>PBXNativeTarget</string>
			<key>name</key>
			<string>CWLibraryTests</string>
			<key>productName</key>
			<string>CWLibraryTests</string>
			<key>productReference</key>
			<string>9D9C1731183582FF00B2E14E</string>
			<key>productType</key>
			<string>com.apple.product-type.bundle.unit-test</string>
		</dict>
		<key>9D9C1731183582FF00B2E14E</key>
		<dict>
			<key>explicitFileType</key>
			<string>wrapper.cfbundle</string>
			<key>includeInIndex</key>
			<string>0</string>
			<key>isa</key>
			<string>PBXFileReference</string>
			<key>path</key>
			<string>CWLibraryTests.xctest</string>
			<key>sourceTree</key>
			<string>BUILT_PRODUCTS_DIR</string>
		</dict>
		<key>9D9C1732183582FF00B2E14E</key>
		<dict>
			<key>isa</key>
			<string>PBXFileReference</string>
			<key>lastKnownFileType</key>
			<string>wrapper.framework</string>
			<key>name</key>
			<string>XCTest.framework</string>
			<key>path</key>
			<string>Library/Frameworks/XCTest.framework</string>
			<key>sourceTree</key>
			<string>DEVELOPER_DIR</string>
		</dict>
		<key>9D9C1733183582FF00B2E14E</key>
		<dict>
			<key>fileRef</key>
			<string>9D9C1732183582FF00B2E14E</string>
			<key>isa</key>
			<string>PBXBuildFile</string>
		</dict>
		<key>9D9C1734183582FF00B2E14E</key>
		<dict>
			<key>fileRef</key>
			<string>9D9C1710183582FF00B2E14E</string>
			<key>isa</key>
			<string>PBXBuildFile</string>
		</dict>
		<key>9D9C1735183582FF00B2E14E</key>
		<dict>
			<key>fileRef</key>
			<string>9D9C1714183582FF00B2E14E</string>
			<key>isa</key>
			<string>PBXBuildFile</string>
		</dict>
		<key>9D9C1736183582FF00B2E14E</key>
		<dict>
			<key>containerPortal</key>
			<string>9D9C1705183582FF00B2E14E</string>
			<key>isa</key>
			<string>PBXContainerItemProxy</string>
			<key>proxyType</key>
			<string>1</string>
			<key>remoteGlobalIDString</key>
			<string>9D9C170C183582FF00B2E14E</string>
			<key>remoteInfo</key>
			<string>CWLibrary</string>
		</dict>
		<key>9D9C1737183582FF00B2E14E</key>
		<dict>
			<key>isa</key>
			<string>PBXTargetDependency</string>
			<key>target</key>
			<string>9D9C170C183582FF00B2E14E</string>
			<key>targetProxy</key>
			<string>9D9C1736183582FF00B2E14E</string>
		</dict>
		<key>9D9C1738183582FF00B2E14E</key>
		<dict>
			<key>children</key>
			<array>
				<string>9D9C173E183582FF00B2E14E</string>
				<string>9D9C1739183582FF00B2E14E</string>
			</array>
			<key>isa</key>
			<string>PBXGroup</string>
			<key>path</key>
			<string>CWLibraryTests</string>
			<key>sourceTree</key>
			<string>&lt;group&gt;</string>
		</dict>
		<key>9D9C1739183582FF00B2E14E</key>
		<dict>
			<key>children</key>
			<array>
				<string>9D9C173A183582FF00B2E14E</string>
				<string>9D9C173B183582FF00B2E14E</string>
			</array>
			<key>isa</key>
			<string>PBXGroup</string>
			<key>name</key>
			<string>Supporting Files</string>
			<key>sourceTree</key>
			<string>&lt;group&gt;</string>
		</dict>
		<key>9D9C173A183582FF00B2E14E</key>
		<dict>
			<key>isa</key>
			<string>PBXFileReference</string>
			<key>lastKnownFileType</key>
			<string>text.plist.xml</string>
			<key>path</key>
			<string>CWLibraryTests-Info.plist</string>
			<key>sourceTree</key>
			<string>&lt;group&gt;</string>
		</dict>
		<key>9D9C173B183582FF00B2E14E</key>
		<dict>
			<key>children</key>
			<array>
				<string>9D9C173C183582FF00B2E14E</string>
			</array>
			<key>isa</key>
			<string>PBXVariantGroup</string>
			<key>name</key>
			<string>InfoPlist.strings</string>
			<key>sourceTree</key>
			<string>&lt;group&gt;</string>
		</dict>
		<key>9D9C173C183582FF00B2E14E</key>
		<dict>
			<key>isa</key>
			<string>PBXFileReference</string>
			<key>lastKnownFileType</key>
			<string>text.plist.strings</string>
			<key>name</key>
			<string>en</string>
			<key>path</key>
			<string>en.lproj/InfoPlist.strings</string>
			<key>sourceTree</key>
			<string>&lt;group&gt;</string>
		</dict>
		<key>9D9C173D183582FF00B2E14E</key>
		<dict>
			<key>fileRef</key>
			<string>9D9C173B183582FF00B2E14E</string>
			<key>isa</key>
			<string>PBXBuildFile</string>
		</dict>
		<key>9D9C173E183582FF00B2E14E</key>
		<dict>
			<key>isa</key>
			<string>PBXFileReference</string>
			<key>lastKnownFileType</key>
			<string>sourcecode.c.objc</string>
			<key>path</key>
			<string>CWLibraryTests.m</string>
			<key>sourceTree</key>
			<string>&lt;group&gt;</string>
		</dict>
		<key>9D9C173F183582FF00B2E14E</key>
		<dict>
			<key>fileRef</key>
			<string>9D9C173E183582FF00B2E14E</string>
			<key>isa</key>
			<string>PBXBuildFile</string>
		</dict>
		<key>9D9C1740183582FF00B2E14E</key>
		<dict>
			<key>buildSettings</key>
			<dict>
				<key>ALWAYS_SEARCH_USER_PATHS</key>
				<string>NO</string>
				<key>ARCHS</key>
				<string>$(ARCHS_STANDARD_INCLUDING_64_BIT)</string>
				<key>CLANG_CXX_LANGUAGE_STANDARD</key>
				<string>gnu++0x</string>
				<key>CLANG_CXX_LIBRARY</key>
				<string>libc++</string>
				<key>CLANG_ENABLE_MODULES</key>
				<string>YES</string>
				<key>CLANG_ENABLE_OBJC_ARC</key>
				<string>YES</string>
				<key>CLANG_WARN_BOOL_CONVERSION</key>
				<string>YES</string>
				<key>CLANG_WARN_CONSTANT_CONVERSION</key>
				<string>YES</string>
				<key>CLANG_WARN_DIRECT_OBJC_ISA_USAGE</key>
				<string>YES_ERROR</string>
				<key>CLANG_WARN_EMPTY_BODY</key>
				<string>YES</string>
				<key>CLANG_WARN_ENUM_CONVERSION</key>
				<string>YES</string>
				<key>CLANG_WARN_INT_CONVERSION</key>
				<string>YES</string>
				<key>CLANG_WARN_OBJC_ROOT_CLASS</key>
				<string>YES_ERROR</string>
				<key>CLANG_WARN__DUPLICATE_METHOD_MATCH</key>
				<string>YES</string>
				<key>CODE_SIGN_IDENTITY[sdk=iphoneos*]</key>
				<string>iPhone Developer</string>
				<key>COPY_PHASE_STRIP</key>
				<string>NO</string>
				<key>GCC_C_LANGUAGE_STANDARD</key>
				<string>gnu99</string>
				<key>GCC_DYNAMIC_NO_PIC</key>
				<string>NO</string>
				<key>GCC_OPTIMIZATION_LEVEL</key>
				<string>0</string>
				<key>GCC_PREPROCESSOR_DEFINITIONS</key>
				<array>
					<string>DEBUG=1</string>
					<string>$(inherited)</string>
				</array>
				<key>GCC_SYMBOLS_PRIVATE_EXTERN</key>
				<string>NO</string>
				<key>GCC_WARN_64_TO_32_BIT_CONVERSION</key>
				<string>YES</string>
				<key>GCC_WARN_ABOUT_RETURN_TYPE</key>
				<string>YES_ERROR</string>
				<key>GCC_WARN_UNDECLARED_SELECTOR</key>
				<string>YES</string>
				<key>GCC_WARN_UNINITIALIZED_AUTOS</key>
				<string>YES</string>
				<key>GCC_WARN_UNUSED_FUNCTION</key>
				<string>YES</string>
				<key>GCC_WARN_UNUSED_VARIABLE</key>
				<string>YES</string>
				<key>IPHONEOS_DEPLOYMENT_TARGET</key>
				<string>7.0</string>
				<key>ONLY_ACTIVE_ARCH</key>
				<string>YES</string>
				<key>SDKROOT</key>
				<string>iphoneos</string>
			</dict>
			<key>isa</key>
			<string>XCBuildConfiguration</string>
			<key>name</key>
			<string>Debug</string>
		</dict>
		<key>9D9C1741183582FF00B2E14E</key>
		<dict>
			<key>buildSettings</key>
			<dict>
				<key>ALWAYS_SEARCH_USER_PATHS</key>
				<string>NO</string>
				<key>ARCHS</key>
				<string>$(ARCHS_STANDARD_INCLUDING_64_BIT)</string>
				<key>CLANG_CXX_LANGUAGE_STANDARD</key>
				<string>gnu++0x</string>
				<key>CLANG_CXX_LIBRARY</key>
				<string>libc++</string>
				<key>CLANG_ENABLE_MODULES</key>
				<string>YES</string>
				<key>CLANG_ENABLE_OBJC_ARC</key>
				<string>YES</string>
				<key>CLANG_WARN_BOOL_CONVERSION</key>
				<string>YES</string>
				<key>CLANG_WARN_CONSTANT_CONVERSION</key>
				<string>YES</string>
				<key>CLANG_WARN_DIRECT_OBJC_ISA_USAGE</key>
				<string>YES_ERROR</string>
				<key>CLANG_WARN_EMPTY_BODY</key>
				<string>YES</string>
				<key>CLANG_WARN_ENUM_CONVERSION</key>
				<string>YES</string>
				<key>CLANG_WARN_INT_CONVERSION</key>
				<string>YES</string>
				<key>CLANG_WARN_OBJC_ROOT_CLASS</key>
				<string>YES_ERROR</string>
				<key>CLANG_WARN__DUPLICATE_METHOD_MATCH</key>
				<string>YES</string>
				<key>CODE_SIGN_IDENTITY[sdk=iphoneos*]</key>
				<string>iPhone Developer</string>
				<key>COPY_PHASE_STRIP</key>
				<string>YES</string>
				<key>ENABLE_NS_ASSERTIONS</key>
				<string>NO</string>
				<key>GCC_C_LANGUAGE_STANDARD</key>
				<string>gnu99</string>
				<key>GCC_WARN_64_TO_32_BIT_CONVERSION</key>
				<string>YES</string>
				<key>GCC_WARN_ABOUT_RETURN_TYPE</key>
				<string>YES_ERROR</string>
				<key>GCC_WARN_UNDECLARED_SELECTOR</key>
				<string>YES</string>
				<key>GCC_WARN_UNINITIALIZED_AUTOS</key>
				<string>YES</string>
				<key>GCC_WARN_UNUSED_FUNCTION</key>
				<string>YES</string>
				<key>GCC_WARN_UNUSED_VARIABLE</key>
				<string>YES</string>
				<key>IPHONEOS_DEPLOYMENT_TARGET</key>
				<string>7.0</string>
				<key>SDKROOT</key>
				<string>iphoneos</string>
				<key>VALIDATE_PRODUCT</key>
				<string>YES</string>
			</dict>
			<key>isa</key>
			<string>XCBuildConfiguration</string>
			<key>name</key>
			<string>Release</string>
		</dict>
		<key>9D9C1742183582FF00B2E14E</key>
		<dict>
			<key>buildConfigurations</key>
			<array>
				<string>9D9C1743183582FF00B2E14E</string>
				<string>9D9C1744183582FF00B2E14E</string>
			</array>
			<key>defaultConfigurationIsVisible</key>
			<string>0</string>
			<key>defaultConfigurationName</key>
			<string>Release</string>
			<key>isa</key>
			<string>XCConfigurationList</string>
		</dict>
		<key>9D9C1743183582FF00B2E14E</key>
		<dict>
			<key>baseConfigurationReference</key>
			<string>7738BE36D40843E6881AEF62</string>
			<key>buildSettings</key>
			<dict>
				<key>ASSETCATALOG_COMPILER_APPICON_NAME</key>
				<string>AppIcon</string>
				<key>ASSETCATALOG_COMPILER_LAUNCHIMAGE_NAME</key>
				<string>LaunchImage</string>
				<key>GCC_PRECOMPILE_PREFIX_HEADER</key>
				<string>YES</string>
				<key>GCC_PREFIX_HEADER</key>
				<string>CWLibrary/CWLibrary-Prefix.pch</string>
				<key>INFOPLIST_FILE</key>
				<string>CWLibrary/CWLibrary-Info.plist</string>
				<key>PRODUCT_NAME</key>
				<string>$(TARGET_NAME)</string>
				<key>WRAPPER_EXTENSION</key>
				<string>app</string>
			</dict>
			<key>isa</key>
			<string>XCBuildConfiguration</string>
			<key>name</key>
			<string>Debug</string>
		</dict>
		<key>9D9C1744183582FF00B2E14E</key>
		<dict>
			<key>baseConfigurationReference</key>
			<string>7738BE36D40843E6881AEF62</string>
			<key>buildSettings</key>
			<dict>
				<key>ASSETCATALOG_COMPILER_APPICON_NAME</key>
				<string>AppIcon</string>
				<key>ASSETCATALOG_COMPILER_LAUNCHIMAGE_NAME</key>
				<string>LaunchImage</string>
				<key>GCC_PRECOMPILE_PREFIX_HEADER</key>
				<string>YES</string>
				<key>GCC_PREFIX_HEADER</key>
				<string>CWLibrary/CWLibrary-Prefix.pch</string>
				<key>INFOPLIST_FILE</key>
				<string>CWLibrary/CWLibrary-Info.plist</string>
				<key>PRODUCT_NAME</key>
				<string>$(TARGET_NAME)</string>
				<key>WRAPPER_EXTENSION</key>
				<string>app</string>
			</dict>
			<key>isa</key>
			<string>XCBuildConfiguration</string>
			<key>name</key>
			<string>Release</string>
		</dict>
		<key>9D9C1745183582FF00B2E14E</key>
		<dict>
			<key>buildConfigurations</key>
			<array>
				<string>9D9C1746183582FF00B2E14E</string>
				<string>9D9C1747183582FF00B2E14E</string>
			</array>
			<key>defaultConfigurationIsVisible</key>
			<string>0</string>
			<key>defaultConfigurationName</key>
			<string>Release</string>
			<key>isa</key>
			<string>XCConfigurationList</string>
		</dict>
		<key>9D9C1746183582FF00B2E14E</key>
		<dict>
			<key>buildSettings</key>
			<dict>
				<key>ARCHS</key>
				<string>$(ARCHS_STANDARD_INCLUDING_64_BIT)</string>
				<key>BUNDLE_LOADER</key>
				<string>$(BUILT_PRODUCTS_DIR)/CWLibrary.app/CWLibrary</string>
				<key>FRAMEWORK_SEARCH_PATHS</key>
				<array>
					<string>$(SDKROOT)/Developer/Library/Frameworks</string>
					<string>$(inherited)</string>
					<string>$(DEVELOPER_FRAMEWORKS_DIR)</string>
				</array>
				<key>GCC_PRECOMPILE_PREFIX_HEADER</key>
				<string>YES</string>
				<key>GCC_PREFIX_HEADER</key>
				<string>CWLibrary/CWLibrary-Prefix.pch</string>
				<key>GCC_PREPROCESSOR_DEFINITIONS</key>
				<array>
					<string>DEBUG=1</string>
					<string>$(inherited)</string>
				</array>
				<key>INFOPLIST_FILE</key>
				<string>CWLibraryTests/CWLibraryTests-Info.plist</string>
				<key>PRODUCT_NAME</key>
				<string>$(TARGET_NAME)</string>
				<key>TEST_HOST</key>
				<string>$(BUNDLE_LOADER)</string>
				<key>WRAPPER_EXTENSION</key>
				<string>xctest</string>
			</dict>
			<key>isa</key>
			<string>XCBuildConfiguration</string>
			<key>name</key>
			<string>Debug</string>
		</dict>
		<key>9D9C1747183582FF00B2E14E</key>
		<dict>
			<key>buildSettings</key>
			<dict>
				<key>ARCHS</key>
				<string>$(ARCHS_STANDARD_INCLUDING_64_BIT)</string>
				<key>BUNDLE_LOADER</key>
				<string>$(BUILT_PRODUCTS_DIR)/CWLibrary.app/CWLibrary</string>
				<key>FRAMEWORK_SEARCH_PATHS</key>
				<array>
					<string>$(SDKROOT)/Developer/Library/Frameworks</string>
					<string>$(inherited)</string>
					<string>$(DEVELOPER_FRAMEWORKS_DIR)</string>
				</array>
				<key>GCC_PRECOMPILE_PREFIX_HEADER</key>
				<string>YES</string>
				<key>GCC_PREFIX_HEADER</key>
				<string>CWLibrary/CWLibrary-Prefix.pch</string>
				<key>INFOPLIST_FILE</key>
				<string>CWLibraryTests/CWLibraryTests-Info.plist</string>
				<key>PRODUCT_NAME</key>
				<string>$(TARGET_NAME)</string>
				<key>TEST_HOST</key>
				<string>$(BUNDLE_LOADER)</string>
				<key>WRAPPER_EXTENSION</key>
				<string>xctest</string>
			</dict>
			<key>isa</key>
			<string>XCBuildConfiguration</string>
			<key>name</key>
			<string>Release</string>
		</dict>
		<key>9D9C174A183584D700B2E14E</key>
		<dict>
			<key>children</key>
			<array>
				<string>9D9C1760183585E500B2E14E</string>
				<string>9D9C174E183585CE00B2E14E</string>
				<string>9D9C174F183585CE00B2E14E</string>
				<string>9D9C1750183585CE00B2E14E</string>
				<string>9D9C1751183585CE00B2E14E</string>
				<string>9D9C1752183585CE00B2E14E</string>
				<string>9D9C1753183585CE00B2E14E</string>
			</array>
			<key>isa</key>
			<string>PBXGroup</string>
			<key>path</key>
			<string>Classes</string>
			<key>sourceTree</key>
			<string>&lt;group&gt;</string>
		</dict>
		<key>9D9C174B1835856100B2E14E</key>
		<dict>
			<key>isa</key>
			<string>PBXFileReference</string>
			<key>lastKnownFileType</key>
			<string>text</string>
			<key>path</key>
			<string>LICENSE</string>
			<key>sourceTree</key>
			<string>&lt;group&gt;</string>
		</dict>
		<key>9D9C174C1835856100B2E14E</key>
		<dict>
			<key>isa</key>
			<string>PBXFileReference</string>
			<key>lastKnownFileType</key>
			<string>text</string>
			<key>path</key>
			<string>Podfile</string>
			<key>sourceTree</key>
			<string>&lt;group&gt;</string>
		</dict>
		<key>9D9C174D1835856100B2E14E</key>
		<dict>
			<key>isa</key>
			<string>PBXFileReference</string>
			<key>lastKnownFileType</key>
			<string>text</string>
			<key>path</key>
			<string>README.md</string>
			<key>sourceTree</key>
			<string>&lt;group&gt;</string>
		</dict>
		<key>9D9C174E183585CE00B2E14E</key>
		<dict>
			<key>fileEncoding</key>
			<string>4</string>
			<key>isa</key>
			<string>PBXFileReference</string>
			<key>lastKnownFileType</key>
			<string>sourcecode.c.h</string>
			<key>path</key>
			<string>CWRemotePersistentList.h</string>
			<key>sourceTree</key>
			<string>&lt;group&gt;</string>
		</dict>
		<key>9D9C174F183585CE00B2E14E</key>
		<dict>
			<key>fileEncoding</key>
			<string>4</string>
			<key>isa</key>
			<string>PBXFileReference</string>
			<key>lastKnownFileType</key>
			<string>sourcecode.c.objc</string>
			<key>path</key>
			<string>CWRemotePersistentList.m</string>
			<key>sourceTree</key>
			<string>&lt;group&gt;</string>
		</dict>
		<key>9D9C1750183585CE00B2E14E</key>
		<dict>
			<key>fileEncoding</key>
			<string>4</string>
			<key>isa</key>
			<string>PBXFileReference</string>
			<key>lastKnownFileType</key>
			<string>sourcecode.c.h</string>
			<key>path</key>
			<string>CWSimpleFlatTableViewSource.h</string>
			<key>sourceTree</key>
			<string>&lt;group&gt;</string>
		</dict>
		<key>9D9C1751183585CE00B2E14E</key>
		<dict>
			<key>fileEncoding</key>
			<string>4</string>
			<key>isa</key>
			<string>PBXFileReference</string>
			<key>lastKnownFileType</key>
			<string>sourcecode.c.objc</string>
			<key>path</key>
			<string>CWSimpleFlatTableViewSource.m</string>
			<key>sourceTree</key>
			<string>&lt;group&gt;</string>
		</dict>
		<key>9D9C1752183585CE00B2E14E</key>
		<dict>
			<key>fileEncoding</key>
			<string>4</string>
			<key>isa</key>
			<string>PBXFileReference</string>
			<key>lastKnownFileType</key>
			<string>sourcecode.c.h</string>
			<key>path</key>
			<string>CWUpdatablePropertyListWrapper.h</string>
			<key>sourceTree</key>
			<string>&lt;group&gt;</string>
		</dict>
		<key>9D9C1753183585CE00B2E14E</key>
		<dict>
			<key>fileEncoding</key>
			<string>4</string>
			<key>isa</key>
			<string>PBXFileReference</string>
			<key>lastKnownFileType</key>
			<string>sourcecode.c.objc</string>
			<key>path</key>
			<string>CWUpdatablePropertyListWrapper.m</string>
			<key>sourceTree</key>
			<string>&lt;group&gt;</string>
		</dict>
		<key>9D9C1754183585CE00B2E14E</key>
		<dict>
			<key>fileEncoding</key>
			<string>4</string>
			<key>isa</key>
			<string>PBXFileReference</string>
			<key>lastKnownFileType</key>
			<string>sourcecode.c.h</string>
			<key>path</key>
			<string>NSArray+CWAdditions.h</string>
			<key>sourceTree</key>
			<string>&lt;group&gt;</string>
		</dict>
		<key>9D9C1755183585CE00B2E14E</key>
		<dict>
			<key>fileEncoding</key>
			<string>4</string>
			<key>isa</key>
			<string>PBXFileReference</string>
			<key>lastKnownFileType</key>
			<string>sourcecode.c.objc</string>
			<key>path</key>
			<string>NSArray+CWAdditions.m</string>
			<key>sourceTree</key>
			<string>&lt;group&gt;</string>
		</dict>
		<key>9D9C1756183585CE00B2E14E</key>
		<dict>
			<key>fileEncoding</key>
			<string>4</string>
			<key>isa</key>
			<string>PBXFileReference</string>
			<key>lastKnownFileType</key>
			<string>sourcecode.c.h</string>
			<key>path</key>
			<string>NSDate+RFC822.h</string>
			<key>sourceTree</key>
			<string>&lt;group&gt;</string>
		</dict>
		<key>9D9C1757183585CE00B2E14E</key>
		<dict>
			<key>fileEncoding</key>
			<string>4</string>
			<key>isa</key>
			<string>PBXFileReference</string>
			<key>lastKnownFileType</key>
			<string>sourcecode.c.objc</string>
			<key>path</key>
			<string>NSDate+RFC822.m</string>
			<key>sourceTree</key>
			<string>&lt;group&gt;</string>
		</dict>
		<key>9D9C1758183585CE00B2E14E</key>
		<dict>
			<key>fileEncoding</key>
			<string>4</string>
			<key>isa</key>
			<string>PBXFileReference</string>
			<key>lastKnownFileType</key>
			<string>sourcecode.c.h</string>
			<key>path</key>
			<string>NSString+StripHTML.h</string>
			<key>sourceTree</key>
			<string>&lt;group&gt;</string>
		</dict>
		<key>9D9C1759183585CE00B2E14E</key>
		<dict>
			<key>fileEncoding</key>
			<string>4</string>
			<key>isa</key>
			<string>PBXFileReference</string>
			<key>lastKnownFileType</key>
			<string>sourcecode.c.objc</string>
			<key>path</key>
			<string>NSString+StripHTML.m</string>
			<key>sourceTree</key>
			<string>&lt;group&gt;</string>
		</dict>
		<key>9D9C175A183585CE00B2E14E</key>
		<dict>
			<key>fileRef</key>
			<string>9D9C174F183585CE00B2E14E</string>
			<key>isa</key>
			<string>PBXBuildFile</string>
		</dict>
		<key>9D9C175B183585CE00B2E14E</key>
		<dict>
			<key>fileRef</key>
			<string>9D9C1751183585CE00B2E14E</string>
			<key>isa</key>
			<string>PBXBuildFile</string>
		</dict>
		<key>9D9C175C183585CE00B2E14E</key>
		<dict>
			<key>fileRef</key>
			<string>9D9C1753183585CE00B2E14E</string>
			<key>isa</key>
			<string>PBXBuildFile</string>
		</dict>
		<key>9D9C175D183585CE00B2E14E</key>
		<dict>
			<key>fileRef</key>
			<string>9D9C1755183585CE00B2E14E</string>
			<key>isa</key>
			<string>PBXBuildFile</string>
		</dict>
		<key>9D9C175E183585CE00B2E14E</key>
		<dict>
			<key>fileRef</key>
			<string>9D9C1757183585CE00B2E14E</string>
			<key>isa</key>
			<string>PBXBuildFile</string>
		</dict>
		<key>9D9C175F183585CE00B2E14E</key>
		<dict>
			<key>fileRef</key>
			<string>9D9C1759183585CE00B2E14E</string>
			<key>isa</key>
			<string>PBXBuildFile</string>
		</dict>
		<key>9D9C1760183585E500B2E14E</key>
		<dict>
			<key>children</key>
			<array>
				<string>9D9C1754183585CE00B2E14E</string>
				<string>9D9C1755183585CE00B2E14E</string>
				<string>9D9C1756183585CE00B2E14E</string>
				<string>9D9C1757183585CE00B2E14E</string>
				<string>9D9C1758183585CE00B2E14E</string>
				<string>9D9C1759183585CE00B2E14E</string>
			</array>
			<key>isa</key>
			<string>PBXGroup</string>
			<key>name</key>
			<string>Foundation Categories</string>
			<key>sourceTree</key>
			<string>&lt;group&gt;</string>
		</dict>
		<key>CB9CCFD01A78424C881BD974</key>
		<dict>
			<key>buildActionMask</key>
			<string>2147483647</string>
			<key>files</key>
			<array/>
			<key>inputPaths</key>
			<array/>
			<key>isa</key>
			<string>PBXShellScriptBuildPhase</string>
			<key>name</key>
			<string>Check Pods Manifest.lock</string>
			<key>outputPaths</key>
			<array/>
			<key>runOnlyForDeploymentPostprocessing</key>
			<string>0</string>
			<key>shellPath</key>
			<string>/bin/sh</string>
			<key>shellScript</key>
			<string>diff "${PODS_ROOT}/../Podfile.lock" "${PODS_ROOT}/Manifest.lock" &gt; /dev/null
if [[ $? != 0 ]] ; then
    cat &lt;&lt; EOM
error: The sandbox is not in sync with the Podfile.lock. Run 'pod install' or update your CocoaPods installation.
EOM
    exit 1
fi
</string>
			<key>showEnvVarsInLog</key>
			<string>0</string>
		</dict>
	</dict>
	<key>rootObject</key>
	<string>9D9C1705183582FF00B2E14E</string>
</dict>
</plist>
